{
  "nodes": {
    "flakeNimbleLib": {
      "inputs": {
        "nixpkgs": [
          "nixpkgs"
        ]
      },
      "locked": {
        "lastModified": 1662018438,
        "narHash": "sha256-QtNtU6+LX3Wokxf0zlFwKTFOcn6TeDjKQZ+DA9OYtvM=",
        "owner": "riinr",
        "repo": "nim-flakes-lib",
        "rev": "b1fe8340736e3a85d25c709ac3dfd82a55c03cbf",
        "type": "github"
      },
      "original": {
        "owner": "riinr",
        "ref": "master",
        "repo": "nim-flakes-lib",
        "type": "github"
      }
    },
    "mqtt-master": {
      "inputs": {
        "flakeNimbleLib": [
          "flakeNimbleLib"
        ],
        "nixpkgs": [
          "nixpkgs"
        ],
        "src-mqtt-master": "src-mqtt-master"
      },
      "locked": {
        "dir": "master",
        "lastModified": 1662254620,
        "narHash": "sha256-zaAyBCknIwa2EouiBaTLLqPYujvr9PyTmOQqxG0nHqE=",
        "owner": "nim-nix-pkgs",
        "repo": "mqtt",
        "rev": "f8329ffb42b9d63bf7303d6872ee2551c8bc9a12",
        "type": "github"
      },
      "original": {
        "dir": "master",
        "owner": "nim-nix-pkgs",
        "ref": "master",
        "repo": "mqtt",
        "type": "github"
      }
    },
    "nixpkgs": {
      "locked": {
        "lastModified": 1667110639,
        "narHash": "sha256-4FbPESZ5LbqQxkJJJBAfk/zKgF9h/4kyUwjjpJwYlbc=",
        "owner": "NixOS",
        "repo": "nixpkgs",
        "rev": "f38a1f04d1bec1feb61fd101a0539ae2002a7087",
        "type": "github"
      },
      "original": {
        "id": "nixpkgs",
        "type": "indirect"
      }
    },
    "root": {
      "inputs": {
        "flakeNimbleLib": "flakeNimbleLib",
        "mqtt-master": "mqtt-master",
        "nixpkgs": "nixpkgs"
      }
    },
    "src-mqtt-master": {
      "flake": false,
      "locked": {
        "lastModified": 1436281818,
        "narHash": "sha256-qS3yqwI1Ajilhdg7Mrp00TVYiX8qBrIUl4xbRaVSJU8=",
        "owner": "barnybug",
        "repo": "nim-mqtt",
        "rev": "8eac94d5b624542a29e7d6cdf236aea561bf2a8a",
        "type": "github"
      },
      "original": {
        "owner": "barnybug",
        "ref": "refs/heads/master",
        "repo": "nim-mqtt",
        "type": "github"
      }
    }
  },
  "root": "root",
  "version": 7
}
